// !$*UTF8*$!
{
	archiveVersion = 1;
	classes = {
	};
	objectVersion = 56;
	objects = {

/* Begin PBXBuildFile section */
		E3A1C62D2AA6FD5800DF124A /* AppDelegate.swift in Sources */ = {isa = PBXBuildFile; fileRef = E3A1C62C2AA6FD5800DF124A /* AppDelegate.swift */; };
		E3A1C62F2AA6FD5800DF124A /* SceneDelegate.swift in Sources */ = {isa = PBXBuildFile; fileRef = E3A1C62E2AA6FD5800DF124A /* SceneDelegate.swift */; };
		E3A1C6312AA6FD5800DF124A /* MainViewController.swift in Sources */ = {isa = PBXBuildFile; fileRef = E3A1C6302AA6FD5800DF124A /* MainViewController.swift */; };
		E3A1C6342AA6FD5800DF124A /* Main.storyboard in Resources */ = {isa = PBXBuildFile; fileRef = E3A1C6322AA6FD5800DF124A /* Main.storyboard */; };
		E3A1C6362AA6FD5A00DF124A /* Assets.xcassets in Resources */ = {isa = PBXBuildFile; fileRef = E3A1C6352AA6FD5A00DF124A /* Assets.xcassets */; };
		E3A1C6392AA6FD5A00DF124A /* LaunchScreen.storyboard in Resources */ = {isa = PBXBuildFile; fileRef = E3A1C6372AA6FD5A00DF124A /* LaunchScreen.storyboard */; };
		E3A1C6452AA7014500DF124A /* ActionCell.swift in Sources */ = {isa = PBXBuildFile; fileRef = E3A1C6442AA7014500DF124A /* ActionCell.swift */; };
/* End PBXBuildFile section */

/* Begin PBXFileReference section */
		E3A1C6292AA6FD5800DF124A /* NetworkHW.app */ = {isa = PBXFileReference; explicitFileType = wrapper.application; includeInIndex = 0; path = NetworkHW.app; sourceTree = BUILT_PRODUCTS_DIR; };
		E3A1C62C2AA6FD5800DF124A /* AppDelegate.swift */ = {isa = PBXFileReference; lastKnownFileType = sourcecode.swift; path = AppDelegate.swift; sourceTree = "<group>"; };
		E3A1C62E2AA6FD5800DF124A /* SceneDelegate.swift */ = {isa = PBXFileReference; lastKnownFileType = sourcecode.swift; path = SceneDelegate.swift; sourceTree = "<group>"; };
		E3A1C6302AA6FD5800DF124A /* MainViewController.swift */ = {isa = PBXFileReference; lastKnownFileType = sourcecode.swift; path = MainViewController.swift; sourceTree = "<group>"; };
		E3A1C6332AA6FD5800DF124A /* Base */ = {isa = PBXFileReference; lastKnownFileType = file.storyboard; name = Base; path = Base.lproj/Main.storyboard; sourceTree = "<group>"; };
		E3A1C6352AA6FD5A00DF124A /* Assets.xcassets */ = {isa = PBXFileReference; lastKnownFileType = folder.assetcatalog; path = Assets.xcassets; sourceTree = "<group>"; };
		E3A1C6382AA6FD5A00DF124A /* Base */ = {isa = PBXFileReference; lastKnownFileType = file.storyboard; name = Base; path = Base.lproj/LaunchScreen.storyboard; sourceTree = "<group>"; };
		E3A1C63A2AA6FD5A00DF124A /* Info.plist */ = {isa = PBXFileReference; lastKnownFileType = text.plist.xml; path = Info.plist; sourceTree = "<group>"; };
		E3A1C6442AA7014500DF124A /* ActionCell.swift */ = {isa = PBXFileReference; lastKnownFileType = sourcecode.swift; path = ActionCell.swift; sourceTree = "<group>"; };
/* End PBXFileReference section */

/* Begin PBXFrameworksBuildPhase section */
		E3A1C6262AA6FD5800DF124A /* Frameworks */ = {
			isa = PBXFrameworksBuildPhase;
			buildActionMask = 2147483647;
			files = (
			);
			runOnlyForDeploymentPostprocessing = 0;
		};
/* End PBXFrameworksBuildPhase section */

/* Begin PBXGroup section */
		E3A1C6202AA6FD5800DF124A = {
			isa = PBXGroup;
			children = (
				E3A1C62B2AA6FD5800DF124A /* NetworkHW */,
				E3A1C62A2AA6FD5800DF124A /* Products */,
			);
			sourceTree = "<group>";
		};
		E3A1C62A2AA6FD5800DF124A /* Products */ = {
			isa = PBXGroup;
			children = (
				E3A1C6292AA6FD5800DF124A /* NetworkHW.app */,
			);
			name = Products;
			sourceTree = "<group>";
		};
		E3A1C62B2AA6FD5800DF124A /* NetworkHW */ = {
			isa = PBXGroup;
			children = (
				E3A1C6402AA6FD6C00DF124A /* App */,
				E3A1C6412AA6FD7400DF124A /* ViewControllers */,
				E3A1C6422AA6FD8000DF124A /* Storyboards */,
				E3A1C6432AA6FD8800DF124A /* Resources */,
			);
			path = NetworkHW;
			sourceTree = "<group>";
		};
		E3A1C6402AA6FD6C00DF124A /* App */ = {
			isa = PBXGroup;
			children = (
				E3A1C62C2AA6FD5800DF124A /* AppDelegate.swift */,
				E3A1C62E2AA6FD5800DF124A /* SceneDelegate.swift */,
				E3A1C63A2AA6FD5A00DF124A /* Info.plist */,
			);
			path = App;
			sourceTree = "<group>";
		};
		E3A1C6412AA6FD7400DF124A /* ViewControllers */ = {
			isa = PBXGroup;
			children = (
				E3A1C6302AA6FD5800DF124A /* MainViewController.swift */,
				E3A1C6442AA7014500DF124A /* ActionCell.swift */,
			);
			path = ViewControllers;
			sourceTree = "<group>";
		};
		E3A1C6422AA6FD8000DF124A /* Storyboards */ = {
			isa = PBXGroup;
			children = (
				E3A1C6322AA6FD5800DF124A /* Main.storyboard */,
				E3A1C6372AA6FD5A00DF124A /* LaunchScreen.storyboard */,
			);
			path = Storyboards;
			sourceTree = "<group>";
		};
		E3A1C6432AA6FD8800DF124A /* Resources */ = {
			isa = PBXGroup;
			children = (
				E3A1C6352AA6FD5A00DF124A /* Assets.xcassets */,
			);
			path = Resources;
			sourceTree = "<group>";
		};
/* End PBXGroup section */

/* Begin PBXNativeTarget section */
		E3A1C6282AA6FD5800DF124A /* NetworkHW */ = {
			isa = PBXNativeTarget;
			buildConfigurationList = E3A1C63D2AA6FD5A00DF124A /* Build configuration list for PBXNativeTarget "NetworkHW" */;
			buildPhases = (
				E3A1C6252AA6FD5800DF124A /* Sources */,
				E3A1C6262AA6FD5800DF124A /* Frameworks */,
				E3A1C6272AA6FD5800DF124A /* Resources */,
			);
			buildRules = (
			);
			dependencies = (
			);
			name = NetworkHW;
			productName = NetworkHW;
			productReference = E3A1C6292AA6FD5800DF124A /* NetworkHW.app */;
			productType = "com.apple.product-type.application";
		};
/* End PBXNativeTarget section */

/* Begin PBXProject section */
		E3A1C6212AA6FD5800DF124A /* Project object */ = {
			isa = PBXProject;
			attributes = {
				BuildIndependentTargetsInParallel = 1;
				LastSwiftUpdateCheck = 1430;
				LastUpgradeCheck = 1430;
				TargetAttributes = {
					E3A1C6282AA6FD5800DF124A = {
						CreatedOnToolsVersion = 14.3.1;
					};
				};
			};
			buildConfigurationList = E3A1C6242AA6FD5800DF124A /* Build configuration list for PBXProject "NetworkHW" */;
			compatibilityVersion = "Xcode 14.0";
			developmentRegion = en;
			hasScannedForEncodings = 0;
			knownRegions = (
				en,
				Base,
			);
			mainGroup = E3A1C6202AA6FD5800DF124A;
			productRefGroup = E3A1C62A2AA6FD5800DF124A /* Products */;
			projectDirPath = "";
			projectRoot = "";
			targets = (
				E3A1C6282AA6FD5800DF124A /* NetworkHW */,
			);
		};
/* End PBXProject section */

/* Begin PBXResourcesBuildPhase section */
		E3A1C6272AA6FD5800DF124A /* Resources */ = {
			isa = PBXResourcesBuildPhase;
			buildActionMask = 2147483647;
			files = (
				E3A1C6392AA6FD5A00DF124A /* LaunchScreen.storyboard in Resources */,
				E3A1C6362AA6FD5A00DF124A /* Assets.xcassets in Resources */,
				E3A1C6342AA6FD5800DF124A /* Main.storyboard in Resources */,
			);
			runOnlyForDeploymentPostprocessing = 0;
		};
/* End PBXResourcesBuildPhase section */

/* Begin PBXSourcesBuildPhase section */
		E3A1C6252AA6FD5800DF124A /* Sources */ = {
			isa = PBXSourcesBuildPhase;
			buildActionMask = 2147483647;
			files = (
				E3A1C6312AA6FD5800DF124A /* MainViewController.swift in Sources */,
				E3A1C6452AA7014500DF124A /* ActionCell.swift in Sources */,
				E3A1C62D2AA6FD5800DF124A /* AppDelegate.swift in Sources */,
				E3A1C62F2AA6FD5800DF124A /* SceneDelegate.swift in Sources */,
			);
			runOnlyForDeploymentPostprocessing = 0;
		};
/* End PBXSourcesBuildPhase section */

/* Begin PBXVariantGroup section */
		E3A1C6322AA6FD5800DF124A /* Main.storyboard */ = {
			isa = PBXVariantGroup;
			children = (
				E3A1C6332AA6FD5800DF124A /* Base */,
			);
			name = Main.storyboard;
			sourceTree = "<group>";
		};
		E3A1C6372AA6FD5A00DF124A /* LaunchScreen.storyboard */ = {
			isa = PBXVariantGroup;
			children = (
				E3A1C6382AA6FD5A00DF124A /* Base */,
			);
			name = LaunchScreen.storyboard;
			sourceTree = "<group>";
		};
/* End PBXVariantGroup section */

/* Begin XCBuildConfiguration section */
		E3A1C63B2AA6FD5A00DF124A /* Debug */ = {
			isa = XCBuildConfiguration;
			buildSettings = {
				ALWAYS_SEARCH_USER_PATHS = NO;
				CLANG_ANALYZER_NONNULL = YES;
				CLANG_ANALYZER_NUMBER_OBJECT_CONVERSION = YES_AGGRESSIVE;
				CLANG_CXX_LANGUAGE_STANDARD = "gnu++20";
				CLANG_ENABLE_MODULES = YES;
				CLANG_ENABLE_OBJC_ARC = YES;
				CLANG_ENABLE_OBJC_WEAK = YES;
				CLANG_WARN_BLOCK_CAPTURE_AUTORELEASING = YES;
				CLANG_WARN_BOOL_CONVERSION = YES;
				CLANG_WARN_COMMA = YES;
				CLANG_WARN_CONSTANT_CONVERSION = YES;
				CLANG_WARN_DEPRECATED_OBJC_IMPLEMENTATIONS = YES;
				CLANG_WARN_DIRECT_OBJC_ISA_USAGE = YES_ERROR;
				CLANG_WARN_DOCUMENTATION_COMMENTS = YES;
				CLANG_WARN_EMPTY_BODY = YES;
				CLANG_WARN_ENUM_CONVERSION = YES;
				CLANG_WARN_INFINITE_RECURSION = YES;
				CLANG_WARN_INT_CONVERSION = YES;
				CLANG_WARN_NON_LITERAL_NULL_CONVERSION = YES;
				CLANG_WARN_OBJC_IMPLICIT_RETAIN_SELF = YES;
				CLANG_WARN_OBJC_LITERAL_CONVERSION = YES;
				CLANG_WARN_OBJC_ROOT_CLASS = YES_ERROR;
				CLANG_WARN_QUOTED_INCLUDE_IN_FRAMEWORK_HEADER = YES;
				CLANG_WARN_RANGE_LOOP_ANALYSIS = YES;
				CLANG_WARN_STRICT_PROTOTYPES = YES;
				CLANG_WARN_SUSPICIOUS_MOVE = YES;
				CLANG_WARN_UNGUARDED_AVAILABILITY = YES_AGGRESSIVE;
				CLANG_WARN_UNREACHABLE_CODE = YES;
				CLANG_WARN__DUPLICATE_METHOD_MATCH = YES;
				COPY_PHASE_STRIP = NO;
				DEBUG_INFORMATION_FORMAT = dwarf;
				ENABLE_STRICT_OBJC_MSGSEND = YES;
				ENABLE_TESTABILITY = YES;
				GCC_C_LANGUAGE_STANDARD = gnu11;
				GCC_DYNAMIC_NO_PIC = NO;
				GCC_NO_COMMON_BLOCKS = YES;
				GCC_OPTIMIZATION_LEVEL = 0;
				GCC_PREPROCESSOR_DEFINITIONS = (
					"DEBUG=1",
					"$(inherited)",
				);
				GCC_WARN_64_TO_32_BIT_CONVERSION = YES;
				GCC_WARN_ABOUT_RETURN_TYPE = YES_ERROR;
				GCC_WARN_UNDECLARED_SELECTOR = YES;
				GCC_WARN_UNINITIALIZED_AUTOS = YES_AGGRESSIVE;
				GCC_WARN_UNUSED_FUNCTION = YES;
				GCC_WARN_UNUSED_VARIABLE = YES;
				IPHONEOS_DEPLOYMENT_TARGET = 16.4;
				MTL_ENABLE_DEBUG_INFO = INCLUDE_SOURCE;
				MTL_FAST_MATH = YES;
				ONLY_ACTIVE_ARCH = YES;
				SDKROOT = iphoneos;
				SWIFT_ACTIVE_COMPILATION_CONDITIONS = DEBUG;
				SWIFT_OPTIMIZATION_LEVEL = "-Onone";
			};
			name = Debug;
		};
		E3A1C63C2AA6FD5A00DF124A /* Release */ = {
			isa = XCBuildConfiguration;
			buildSettings = {
				ALWAYS_SEARCH_USER_PATHS = NO;
				CLANG_ANALYZER_NONNULL = YES;
				CLANG_ANALYZER_NUMBER_OBJECT_CONVERSION = YES_AGGRESSIVE;
				CLANG_CXX_LANGUAGE_STANDARD = "gnu++20";
				CLANG_ENABLE_MODULES = YES;
				CLANG_ENABLE_OBJC_ARC = YES;
				CLANG_ENABLE_OBJC_WEAK = YES;
				CLANG_WARN_BLOCK_CAPTURE_AUTORELEASING = YES;
				CLANG_WARN_BOOL_CONVERSION = YES;
				CLANG_WARN_COMMA = YES;
				CLANG_WARN_CONSTANT_CONVERSION = YES;
				CLANG_WARN_DEPRECATED_OBJC_IMPLEMENTATIONS = YES;
				CLANG_WARN_DIRECT_OBJC_ISA_USAGE = YES_ERROR;
				CLANG_WARN_DOCUMENTATION_COMMENTS = YES;
				CLANG_WARN_EMPTY_BODY = YES;
				CLANG_WARN_ENUM_CONVERSION = YES;
				CLANG_WARN_INFINITE_RECURSION = YES;
				CLANG_WARN_INT_CONVERSION = YES;
				CLANG_WARN_NON_LITERAL_NULL_CONVERSION = YES;
				CLANG_WARN_OBJC_IMPLICIT_RETAIN_SELF = YES;
				CLANG_WARN_OBJC_LITERAL_CONVERSION = YES;
				CLANG_WARN_OBJC_ROOT_CLASS = YES_ERROR;
				CLANG_WARN_QUOTED_INCLUDE_IN_FRAMEWORK_HEADER = YES;
				CLANG_WARN_RANGE_LOOP_ANALYSIS = YES;
				CLANG_WARN_STRICT_PROTOTYPES = YES;
				CLANG_WARN_SUSPICIOUS_MOVE = YES;
				CLANG_WARN_UNGUARDED_AVAILABILITY = YES_AGGRESSIVE;
				CLANG_WARN_UNREACHABLE_CODE = YES;
				CLANG_WARN__DUPLICATE_METHOD_MATCH = YES;
				COPY_PHASE_STRIP = NO;
				DEBUG_INFORMATION_FORMAT = "dwarf-with-dsym";
				ENABLE_NS_ASSERTIONS = NO;
				ENABLE_STRICT_OBJC_MSGSEND = YES;
				GCC_C_LANGUAGE_STANDARD = gnu11;
				GCC_NO_COMMON_BLOCKS = YES;
				GCC_WARN_64_TO_32_BIT_CONVERSION = YES;
				GCC_WARN_ABOUT_RETURN_TYPE = YES_ERROR;
				GCC_WARN_UNDECLARED_SELECTOR = YES;
				GCC_WARN_UNINITIALIZED_AUTOS = YES_AGGRESSIVE;
				GCC_WARN_UNUSED_FUNCTION = YES;
				GCC_WARN_UNUSED_VARIABLE = YES;
				IPHONEOS_DEPLOYMENT_TARGET = 16.4;
				MTL_ENABLE_DEBUG_INFO = NO;
				MTL_FAST_MATH = YES;
				SDKROOT = iphoneos;
				SWIFT_COMPILATION_MODE = wholemodule;
				SWIFT_OPTIMIZATION_LEVEL = "-O";
				VALIDATE_PRODUCT = YES;
			};
			name = Release;
		};
		E3A1C63E2AA6FD5A00DF124A /* Debug */ = {
			isa = XCBuildConfiguration;
			buildSettings = {
				ASSETCATALOG_COMPILER_APPICON_NAME = AppIcon;
				ASSETCATALOG_COMPILER_GLOBAL_ACCENT_COLOR_NAME = AccentColor;
				CODE_SIGN_STYLE = Automatic;
				CURRENT_PROJECT_VERSION = 1;
				GENERATE_INFOPLIST_FILE = YES;
				INFOPLIST_FILE = NetworkHW/App/Info.plist;
				INFOPLIST_KEY_UIApplicationSupportsIndirectInputEvents = YES;
				INFOPLIST_KEY_UILaunchStoryboardName = LaunchScreen;
				INFOPLIST_KEY_UIMainStoryboardFile = Main;
				INFOPLIST_KEY_UISupportedInterfaceOrientations = UIInterfaceOrientationPortrait;
				INFOPLIST_KEY_UISupportedInterfaceOrientations_iPad = "UIInterfaceOrientationLandscapeLeft UIInterfaceOrientationLandscapeRight UIInterfaceOrientationPortrait UIInterfaceOrientationPortraitUpsideDown";
				LD_RUNPATH_SEARCH_PATHS = (
					"$(inherited)",
					"@executable_path/Frameworks",
				);
				MARKETING_VERSION = 1.0;
				PRODUCT_BUNDLE_IDENTIFIER = me.osipov.dobrynia.NetworkHW;
				PRODUCT_NAME = "$(TARGET_NAME)";
				SUPPORTED_PLATFORMS = "iphoneos iphonesimulator";
				SUPPORTS_MACCATALYST = NO;
				SUPPORTS_MAC_DESIGNED_FOR_IPHONE_IPAD = NO;
				SWIFT_EMIT_LOC_STRINGS = YES;
				SWIFT_VERSION = 5.0;
				TARGETED_DEVICE_FAMILY = 1;
			};
			name = Debug;
		};
		E3A1C63F2AA6FD5A00DF124A /* Release */ = {
			isa = XCBuildConfiguration;
			buildSettings = {
				ASSETCATALOG_COMPILER_APPICON_NAME = AppIcon;
				ASSETCATALOG_COMPILER_GLOBAL_ACCENT_COLOR_NAME = AccentColor;
				CODE_SIGN_STYLE = Automatic;
				CURRENT_PROJECT_VERSION = 1;
				GENERATE_INFOPLIST_FILE = YES;
				INFOPLIST_FILE = NetworkHW/App/Info.plist;
				INFOPLIST_KEY_UIApplicationSupportsIndirectInputEvents = YES;
				INFOPLIST_KEY_UILaunchStoryboardName = LaunchScreen;
				INFOPLIST_KEY_UIMainStoryboardFile = Main;
				INFOPLIST_KEY_UISupportedInterfaceOrientations = UIInterfaceOrientationPortrait;
				INFOPLIST_KEY_UISupportedInterfaceOrientations_iPad = "UIInterfaceOrientationLandscapeLeft UIInterfaceOrientationLandscapeRight UIInterfaceOrientationPortrait UIInterfaceOrientationPortraitUpsideDown";
				LD_RUNPATH_SEARCH_PATHS = (
					"$(inherited)",
					"@executable_path/Frameworks",
				);
				MARKETING_VERSION = 1.0;
				PRODUCT_BUNDLE_IDENTIFIER = me.osipov.dobrynia.NetworkHW;
				PRODUCT_NAME = "$(TARGET_NAME)";
				SUPPORTED_PLATFORMS = "iphoneos iphonesimulator";
				SUPPORTS_MACCATALYST = NO;
				SUPPORTS_MAC_DESIGNED_FOR_IPHONE_IPAD = NO;
				SWIFT_EMIT_LOC_STRINGS = YES;
				SWIFT_VERSION = 5.0;
				TARGETED_DEVICE_FAMILY = 1;
			};
			name = Release;
		};
/* End XCBuildConfiguration section */

/* Begin XCConfigurationList section */
		E3A1C6242AA6FD5800DF124A /* Build configuration list for PBXProject "NetworkHW" */ = {
			isa = XCConfigurationList;
			buildConfigurations = (
				E3A1C63B2AA6FD5A00DF124A /* Debug */,
				E3A1C63C2AA6FD5A00DF124A /* Release */,
			);
			defaultConfigurationIsVisible = 0;
			defaultConfigurationName = Release;
		};
		E3A1C63D2AA6FD5A00DF124A /* Build configuration list for PBXNativeTarget "NetworkHW" */ = {
			isa = XCConfigurationList;
			buildConfigurations = (
				E3A1C63E2AA6FD5A00DF124A /* Debug */,
				E3A1C63F2AA6FD5A00DF124A /* Release */,
			);
			defaultConfigurationIsVisible = 0;
			defaultConfigurationName = Release;
		};
/* End XCConfigurationList section */
	};
	rootObject = E3A1C6212AA6FD5800DF124A /* Project object */;
}
